version = 1
revision = 3
requires-python = "==3.11.14"

[[package]]
name = "click"
version = "8.3.1"
source = { registry = "https://pypi.org/simple" }
dependencies = [
    { name = "colorama", marker = "sys_platform == 'win32'" },
]
sdist = { url = "https://files.pythonhosted.org/packages/3d/fa/656b739db8587d7b5dfa22e22ed02566950fbfbcdc20311993483657a5c0/click-8.3.1.tar.gz", hash = "sha256:12ff4785d337a1bb490bb7e9c2b1ee5da3112e94a8622f26a6c77f5d2fc6842a", size = 295065, upload-time = "2025-11-15T20:45:42.706Z" }
wheels = [
    { url = "https://files.pythonhosted.org/packages/98/78/01c019cdb5d6498122777c1a43056ebb3ebfeef2076d9d026bfe15583b2b/click-8.3.1-py3-none-any.whl", hash = "sha256:981153a64e25f12d547d3426c367a4857371575ee7ad18df2a6183ab0545b2a6", size = 108274, upload-time = "2025-11-15T20:45:41.139Z" },
]

[[package]]
name = "colorama"
version = "0.4.6"
source = { registry = "https://pypi.org/simple" }
sdist = { url = "https://files.pythonhosted.org/packages/d8/53/6f443c9a4a8358a93a6792e2acffb9d9d5cb0a5cfd8802644b7b1c9a02e4/colorama-0.4.6.tar.gz", hash = "sha256:08695f5cb7ed6e0531a20572697297273c47b8cae5a63ffc6d6ed5c201be6e44", size = 27697, upload-time = "2022-10-25T02:36:22.414Z" }
wheels = [
    { url = "https://files.pythonhosted.org/packages/d1/d6/3965ed04c63042e047cb6a3e6ed1a63a35087b6a609aa3a15ed8ac56c221/colorama-0.4.6-py2.py3-none-any.whl", hash = "sha256:4f1d9991f5acc0ca119f9d443620b77f9d6b33703e51011c16baf57afb285fc6", size = 25335, upload-time = "2022-10-25T02:36:20.889Z" },
]

[[package]]
name = "cssbeautifier"
version = "1.15.4"
source = { registry = "https://pypi.org/simple" }
dependencies = [
    { name = "editorconfig" },
    { name = "jsbeautifier" },
    { name = "six" },
]
sdist = { url = "https://files.pythonhosted.org/packages/f7/01/fdf41c1e5f93d359681976ba10410a04b299d248e28ecce1d4e88588dde4/cssbeautifier-1.15.4.tar.gz", hash = "sha256:9bb08dc3f64c101a01677f128acf01905914cf406baf87434dcde05b74c0acf5", size = 25376, upload-time = "2025-02-27T17:53:51.341Z" }
wheels = [
    { url = "https://files.pythonhosted.org/packages/63/51/ef6c5628e46092f0a54c7cee69acc827adc6b6aab57b55d344fefbdf28f1/cssbeautifier-1.15.4-py3-none-any.whl", hash = "sha256:78c84d5e5378df7d08622bbd0477a1abdbd209680e95480bf22f12d5701efc98", size = 123667, upload-time = "2025-02-27T17:53:43.594Z" },
]

[[package]]
name = "django"
version = "2.2.28"
source = { registry = "https://pypi.org/simple" }
dependencies = [
    { name = "pytz" },
    { name = "sqlparse" },
]
sdist = { url = "https://files.pythonhosted.org/packages/17/27/24d66baeb05a53e38637a4b793df069f2bebacf75bc6e854ff32068a7ef3/Django-2.2.28.tar.gz", hash = "sha256:0200b657afbf1bc08003845ddda053c7641b9b24951e52acd51f6abda33a7413", size = 9187543, upload-time = "2022-04-11T07:53:05.463Z" }
wheels = [
    { url = "https://files.pythonhosted.org/packages/43/69/eaac9a827335898d626066989865974fa48bfc23efd1b34628d64543b2d9/Django-2.2.28-py3-none-any.whl", hash = "sha256:365429d07c1336eb42ba15aa79f45e1c13a0b04d5c21569e7d596696418a6a45", size = 7468548, upload-time = "2022-04-11T07:52:52.782Z" },
]

[[package]]
name = "django-stubs"
version = "5.2.8"
source = { registry = "https://pypi.org/simple" }
dependencies = [
    { name = "django" },
    { name = "django-stubs-ext" },
    { name = "types-pyyaml" },
    { name = "typing-extensions" },
]
sdist = { url = "https://files.pythonhosted.org/packages/6c/75/97626224fd8f1787bb6f7f06944efcfddd5da7764bf741cf7f59d102f4a0/django_stubs-5.2.8.tar.gz", hash = "sha256:9bba597c9a8ed8c025cae4696803d5c8be1cf55bfc7648a084cbf864187e2f8b", size = 257709, upload-time = "2025-12-01T08:13:09.569Z" }
wheels = [
    { url = "https://files.pythonhosted.org/packages/7d/3f/7c9543ad5ade5ce1d33d187a3abd82164570314ebee72c6206ab5c044ebf/django_stubs-5.2.8-py3-none-any.whl", hash = "sha256:a3c63119fd7062ac63d58869698d07c9e5ec0561295c4e700317c54e8d26716c", size = 508136, upload-time = "2025-12-01T08:13:07.963Z" },
]

[[package]]
name = "django-stubs-ext"
version = "5.2.8"
source = { registry = "https://pypi.org/simple" }
dependencies = [
    { name = "django" },
    { name = "typing-extensions" },
]
sdist = { url = "https://files.pythonhosted.org/packages/14/a2/d67f4a5200ff7626b104eddceaf529761cba4ed318a73ffdb0677551be73/django_stubs_ext-5.2.8.tar.gz", hash = "sha256:b39938c46d7a547cd84e4a6378dbe51a3dd64d70300459087229e5fee27e5c6b", size = 6487, upload-time = "2025-12-01T08:12:37.486Z" }
wheels = [
    { url = "https://files.pythonhosted.org/packages/da/2d/cb0151b780c3730cf0f2c0fcb1b065a5e88f877cf7a9217483c375353af1/django_stubs_ext-5.2.8-py3-none-any.whl", hash = "sha256:1dd5470c9675591362c78a157a3cf8aec45d0e7a7f0cf32f227a1363e54e0652", size = 9949, upload-time = "2025-12-01T08:12:36.397Z" },
]

[[package]]
name = "djlint"
version = "1.36.4"
source = { registry = "https://pypi.org/simple" }
dependencies = [
    { name = "click" },
    { name = "colorama" },
    { name = "cssbeautifier" },
    { name = "jsbeautifier" },
    { name = "json5" },
    { name = "pathspec" },
    { name = "pyyaml" },
    { name = "regex" },
    { name = "tqdm" },
]
sdist = { url = "https://files.pythonhosted.org/packages/74/89/ecf5be9f5c59a0c53bcaa29671742c5e269cc7d0e2622e3f65f41df251bf/djlint-1.36.4.tar.gz", hash = "sha256:17254f218b46fe5a714b224c85074c099bcb74e3b2e1f15c2ddc2cf415a408a1", size = 47849, upload-time = "2024-12-24T13:06:36.36Z" }
wheels = [
    { url = "https://files.pythonhosted.org/packages/04/68/18ecd1e4d54a523e1d077f01419d669116e5dede97f97f1eb8ddb918a872/djlint-1.36.4-cp311-cp311-macosx_10_9_x86_64.whl", hash = "sha256:3d68da0ed10ee9ca1e32e225cbb8e9b98bf7e6f8b48a8e4836117b6605b88cc7", size = 344261, upload-time = "2024-12-24T13:06:01.136Z" },
    { url = "https://files.pythonhosted.org/packages/1e/03/005cf5c66e57ca2d26249f8385bc64420b2a95fea81c5eb619c925199029/djlint-1.36.4-cp311-cp311-macosx_11_0_arm64.whl", hash = "sha256:c0478d5392247f1e6ee29220bbdbf7fb4e1bc0e7e83d291fda6fb926c1787ba7", size = 319580, upload-time = "2024-12-24T13:06:03.824Z" },
    { url = "https://files.pythonhosted.org/packages/9f/88/aea3c81343a273a87362f30442abc13351dc8ada0b10e51daa285b4dddac/djlint-1.36.4-cp311-cp311-manylinux_2_17_x86_64.manylinux2014_x86_64.manylinux_2_28_x86_64.whl", hash = "sha256:962f7b83aee166e499eff916d631c6dde7f1447d7610785a60ed2a75a5763483", size = 407070, upload-time = "2024-12-24T13:06:05.356Z" },
    { url = "https://files.pythonhosted.org/packages/60/77/0f767ac0b72e9a664bb8c92b8940f21bc1b1e806e5bd727584d40a4ca551/djlint-1.36.4-cp311-cp311-win_amd64.whl", hash = "sha256:53cbc450aa425c832f09bc453b8a94a039d147b096740df54a3547fada77ed08", size = 360775, upload-time = "2024-12-24T13:06:10.176Z" },
    { url = "https://files.pythonhosted.org/packages/4b/67/f7aeea9be6fb3bd984487af8d0d80225a0b1e5f6f7126e3332d349fb13fe/djlint-1.36.4-py3-none-any.whl", hash = "sha256:e9699b8ac3057a6ed04fb90835b89bee954ed1959c01541ce4f8f729c938afdd", size = 52290, upload-time = "2024-12-24T13:06:33.76Z" },
]

[[package]]
name = "editorconfig"
version = "0.17.1"
source = { registry = "https://pypi.org/simple" }
sdist = { url = "https://files.pythonhosted.org/packages/88/3a/a61d9a1f319a186b05d14df17daea42fcddea63c213bcd61a929fb3a6796/editorconfig-0.17.1.tar.gz", hash = "sha256:23c08b00e8e08cc3adcddb825251c497478df1dada6aefeb01e626ad37303745", size = 14695, upload-time = "2025-06-09T08:21:37.097Z" }
wheels = [
    { url = "https://files.pythonhosted.org/packages/96/fd/a40c621ff207f3ce8e484aa0fc8ba4eb6e3ecf52e15b42ba764b457a9550/editorconfig-0.17.1-py3-none-any.whl", hash = "sha256:1eda9c2c0db8c16dbd50111b710572a5e6de934e39772de1959d41f64fc17c82", size = 16360, upload-time = "2025-06-09T08:21:35.654Z" },
]

[[package]]
name = "jsbeautifier"
version = "1.15.4"
source = { registry = "https://pypi.org/simple" }
dependencies = [
    { name = "editorconfig" },
    { name = "six" },
]
sdist = { url = "https://files.pythonhosted.org/packages/ea/98/d6cadf4d5a1c03b2136837a435682418c29fdeb66be137128544cecc5b7a/jsbeautifier-1.15.4.tar.gz", hash = "sha256:5bb18d9efb9331d825735fbc5360ee8f1aac5e52780042803943aa7f854f7592", size = 75257, upload-time = "2025-02-27T17:53:53.252Z" }
wheels = [
    { url = "https://files.pythonhosted.org/packages/2d/14/1c65fccf8413d5f5c6e8425f84675169654395098000d8bddc4e9d3390e1/jsbeautifier-1.15.4-py3-none-any.whl", hash = "sha256:72f65de312a3f10900d7685557f84cb61a9733c50dcc27271a39f5b0051bf528", size = 94707, upload-time = "2025-02-27T17:53:46.152Z" },
]

[[package]]
name = "json5"
version = "0.13.0"
source = { registry = "https://pypi.org/simple" }
sdist = { url = "https://files.pythonhosted.org/packages/77/e8/a3f261a66e4663f22700bc8a17c08cb83e91fbf086726e7a228398968981/json5-0.13.0.tar.gz", hash = "sha256:b1edf8d487721c0bf64d83c28e91280781f6e21f4a797d3261c7c828d4c165bf", size = 52441, upload-time = "2026-01-01T19:42:14.99Z" }
wheels = [
    { url = "https://files.pythonhosted.org/packages/d7/9e/038522f50ceb7e74f1f991bf1b699f24b0c2bbe7c390dd36ad69f4582258/json5-0.13.0-py3-none-any.whl", hash = "sha256:9a08e1dd65f6a4d4c6fa82d216cf2477349ec2346a38fd70cc11d2557499fbcc", size = 36163, upload-time = "2026-01-01T19:42:13.962Z" },
]

[[package]]
name = "pathspec"
version = "1.0.3"
source = { registry = "https://pypi.org/simple" }
sdist = { url = "https://files.pythonhosted.org/packages/4c/b2/bb8e495d5262bfec41ab5cb18f522f1012933347fb5d9e62452d446baca2/pathspec-1.0.3.tar.gz", hash = "sha256:bac5cf97ae2c2876e2d25ebb15078eb04d76e4b98921ee31c6f85ade8b59444d", size = 130841, upload-time = "2026-01-09T15:46:46.009Z" }
wheels = [
    { url = "https://files.pythonhosted.org/packages/32/2b/121e912bd60eebd623f873fd090de0e84f322972ab25a7f9044c056804ed/pathspec-1.0.3-py3-none-any.whl", hash = "sha256:e80767021c1cc524aa3fb14bedda9c34406591343cc42797b386ce7b9354fb6c", size = 55021, upload-time = "2026-01-09T15:46:44.652Z" },
]

[[package]]
name = "pillow"
version = "12.1.0"
source = { registry = "https://pypi.org/simple" }
sdist = { url = "https://files.pythonhosted.org/packages/d0/02/d52c733a2452ef1ffcc123b68e6606d07276b0e358db70eabad7e40042b7/pillow-12.1.0.tar.gz", hash = "sha256:5c5ae0a06e9ea030ab786b0251b32c7e4ce10e58d983c0d5c56029455180b5b9", size = 46977283, upload-time = "2026-01-02T09:13:29.892Z" }
wheels = [
    { url = "https://files.pythonhosted.org/packages/43/c4/bf8328039de6cc22182c3ef007a2abfbbdab153661c0a9aa78af8d706391/pillow-12.1.0-cp311-cp311-macosx_10_10_x86_64.whl", hash = "sha256:a83e0850cb8f5ac975291ebfc4170ba481f41a28065277f7f735c202cd8e0af3", size = 5304057, upload-time = "2026-01-02T09:10:46.627Z" },
    { url = "https://files.pythonhosted.org/packages/43/06/7264c0597e676104cc22ca73ee48f752767cd4b1fe084662620b17e10120/pillow-12.1.0-cp311-cp311-macosx_11_0_arm64.whl", hash = "sha256:b6e53e82ec2db0717eabb276aa56cf4e500c9a7cec2c2e189b55c24f65a3e8c0", size = 4657811, upload-time = "2026-01-02T09:10:49.548Z" },
    { url = "https://files.pythonhosted.org/packages/72/64/f9189e44474610daf83da31145fa56710b627b5c4c0b9c235e34058f6b31/pillow-12.1.0-cp311-cp311-manylinux2014_aarch64.manylinux_2_17_aarch64.whl", hash = "sha256:40a8e3b9e8773876d6e30daed22f016509e3987bab61b3b7fe309d7019a87451", size = 6232243, upload-time = "2026-01-02T09:10:51.62Z" },
    { url = "https://files.pythonhosted.org/packages/ef/30/0df458009be6a4caca4ca2c52975e6275c387d4e5c95544e34138b41dc86/pillow-12.1.0-cp311-cp311-manylinux2014_x86_64.manylinux_2_17_x86_64.whl", hash = "sha256:800429ac32c9b72909c671aaf17ecd13110f823ddb7db4dfef412a5587c2c24e", size = 8037872, upload-time = "2026-01-02T09:10:53.446Z" },
    { url = "https://files.pythonhosted.org/packages/e4/86/95845d4eda4f4f9557e25381d70876aa213560243ac1a6d619c46caaedd9/pillow-12.1.0-cp311-cp311-manylinux_2_27_aarch64.manylinux_2_28_aarch64.whl", hash = "sha256:0b022eaaf709541b391ee069f0022ee5b36c709df71986e3f7be312e46f42c84", size = 6345398, upload-time = "2026-01-02T09:10:55.426Z" },
    { url = "https://files.pythonhosted.org/packages/5c/1f/8e66ab9be3aaf1435bc03edd1ebdf58ffcd17f7349c1d970cafe87af27d9/pillow-12.1.0-cp311-cp311-manylinux_2_27_x86_64.manylinux_2_28_x86_64.whl", hash = "sha256:1f345e7bc9d7f368887c712aa5054558bad44d2a301ddf9248599f4161abc7c0", size = 7034667, upload-time = "2026-01-02T09:10:57.11Z" },
    { url = "https://files.pythonhosted.org/packages/f9/f6/683b83cb9b1db1fb52b87951b1c0b99bdcfceaa75febf11406c19f82cb5e/pillow-12.1.0-cp311-cp311-musllinux_1_2_aarch64.whl", hash = "sha256:d70347c8a5b7ccd803ec0c85c8709f036e6348f1e6a5bf048ecd9c64d3550b8b", size = 6458743, upload-time = "2026-01-02T09:10:59.331Z" },
    { url = "https://files.pythonhosted.org/packages/9a/7d/de833d63622538c1d58ce5395e7c6cb7e7dce80decdd8bde4a484e095d9f/pillow-12.1.0-cp311-cp311-musllinux_1_2_x86_64.whl", hash = "sha256:1fcc52d86ce7a34fd17cb04e87cfdb164648a3662a6f20565910a99653d66c18", size = 7159342, upload-time = "2026-01-02T09:11:01.82Z" },
    { url = "https://files.pythonhosted.org/packages/8c/40/50d86571c9e5868c42b81fe7da0c76ca26373f3b95a8dd675425f4a92ec1/pillow-12.1.0-cp311-cp311-win32.whl", hash = "sha256:3ffaa2f0659e2f740473bcf03c702c39a8d4b2b7ffc629052028764324842c64", size = 6328655, upload-time = "2026-01-02T09:11:04.556Z" },
    { url = "https://files.pythonhosted.org/packages/6c/af/b1d7e301c4cd26cd45d4af884d9ee9b6fab893b0ad2450d4746d74a6968c/pillow-12.1.0-cp311-cp311-win_amd64.whl", hash = "sha256:806f3987ffe10e867bab0ddad45df1148a2b98221798457fa097ad85d6e8bc75", size = 7031469, upload-time = "2026-01-02T09:11:06.538Z" },
    { url = "https://files.pythonhosted.org/packages/48/36/d5716586d887fb2a810a4a61518a327a1e21c8b7134c89283af272efe84b/pillow-12.1.0-cp311-cp311-win_arm64.whl", hash = "sha256:9f5fefaca968e700ad1a4a9de98bf0869a94e397fe3524c4c9450c1445252304", size = 2452515, upload-time = "2026-01-02T09:11:08.226Z" },
    { url = "https://files.pythonhosted.org/packages/8b/bc/224b1d98cffd7164b14707c91aac83c07b047fbd8f58eba4066a3e53746a/pillow-12.1.0-pp311-pypy311_pp73-macosx_10_15_x86_64.whl", hash = "sha256:ca94b6aac0d7af2a10ba08c0f888b3d5114439b6b3ef39968378723622fed377", size = 5228605, upload-time = "2026-01-02T09:13:14.084Z" },
    { url = "https://files.pythonhosted.org/packages/0c/ca/49ca7769c4550107de049ed85208240ba0f330b3f2e316f24534795702ce/pillow-12.1.0-pp311-pypy311_pp73-macosx_11_0_arm64.whl", hash = "sha256:351889afef0f485b84078ea40fe33727a0492b9af3904661b0abbafee0355b72", size = 4622245, upload-time = "2026-01-02T09:13:15.964Z" },
    { url = "https://files.pythonhosted.org/packages/73/48/fac807ce82e5955bcc2718642b94b1bd22a82a6d452aea31cbb678cddf12/pillow-12.1.0-pp311-pypy311_pp73-manylinux2014_aarch64.manylinux_2_17_aarch64.whl", hash = "sha256:bb0984b30e973f7e2884362b7d23d0a348c7143ee559f38ef3eaab640144204c", size = 5247593, upload-time = "2026-01-02T09:13:17.913Z" },
    { url = "https://files.pythonhosted.org/packages/d2/95/3e0742fe358c4664aed4fd05d5f5373dcdad0b27af52aa0972568541e3f4/pillow-12.1.0-pp311-pypy311_pp73-manylinux2014_x86_64.manylinux_2_17_x86_64.whl", hash = "sha256:84cabc7095dd535ca934d57e9ce2a72ffd216e435a84acb06b2277b1de2689bd", size = 6989008, upload-time = "2026-01-02T09:13:20.083Z" },
    { url = "https://files.pythonhosted.org/packages/5a/74/fe2ac378e4e202e56d50540d92e1ef4ff34ed687f3c60f6a121bcf99437e/pillow-12.1.0-pp311-pypy311_pp73-manylinux_2_27_aarch64.manylinux_2_28_aarch64.whl", hash = "sha256:53d8b764726d3af1a138dd353116f774e3862ec7e3794e0c8781e30db0f35dfc", size = 5313824, upload-time = "2026-01-02T09:13:22.405Z" },
    { url = "https://files.pythonhosted.org/packages/f3/77/2a60dee1adee4e2655ac328dd05c02a955c1cd683b9f1b82ec3feb44727c/pillow-12.1.0-pp311-pypy311_pp73-manylinux_2_27_x86_64.manylinux_2_28_x86_64.whl", hash = "sha256:5da841d81b1a05ef940a8567da92decaa15bc4d7dedb540a8c219ad83d91808a", size = 5963278, upload-time = "2026-01-02T09:13:24.706Z" },
    { url = "https://files.pythonhosted.org/packages/2d/71/64e9b1c7f04ae0027f788a248e6297d7fcc29571371fe7d45495a78172c0/pillow-12.1.0-pp311-pypy311_pp73-win_amd64.whl", hash = "sha256:75af0b4c229ac519b155028fa1be632d812a519abba9b46b20e50c6caa184f19", size = 7029809, upload-time = "2026-01-02T09:13:26.541Z" },
]

[[package]]
name = "pytz"
version = "2025.2"
source = { registry = "https://pypi.org/simple" }
sdist = { url = "https://files.pythonhosted.org/packages/f8/bf/abbd3cdfb8fbc7fb3d4d38d320f2441b1e7cbe29be4f23797b4a2b5d8aac/pytz-2025.2.tar.gz", hash = "sha256:360b9e3dbb49a209c21ad61809c7fb453643e048b38924c765813546746e81c3", size = 320884, upload-time = "2025-03-25T02:25:00.538Z" }
wheels = [
    { url = "https://files.pythonhosted.org/packages/81/c4/34e93fe5f5429d7570ec1fa436f1986fb1f00c3e0f43a589fe2bbcd22c3f/pytz-2025.2-py2.py3-none-any.whl", hash = "sha256:5ddf76296dd8c44c26eb8f4b6f35488f3ccbf6fbbd7adee0b7262d43f0ec2f00", size = 509225, upload-time = "2025-03-25T02:24:58.468Z" },
]

[[package]]
name = "pyyaml"
version = "6.0.3"
source = { registry = "https://pypi.org/simple" }
sdist = { url = "https://files.pythonhosted.org/packages/05/8e/961c0007c59b8dd7729d542c61a4d537767a59645b82a0b521206e1e25c2/pyyaml-6.0.3.tar.gz", hash = "sha256:d76623373421df22fb4cf8817020cbb7ef15c725b9d5e45f17e189bfc384190f", size = 130960, upload-time = "2025-09-25T21:33:16.546Z" }
wheels = [
    { url = "https://files.pythonhosted.org/packages/6d/16/a95b6757765b7b031c9374925bb718d55e0a9ba8a1b6a12d25962ea44347/pyyaml-6.0.3-cp311-cp311-macosx_10_13_x86_64.whl", hash = "sha256:44edc647873928551a01e7a563d7452ccdebee747728c1080d881d68af7b997e", size = 185826, upload-time = "2025-09-25T21:31:58.655Z" },
    { url = "https://files.pythonhosted.org/packages/16/19/13de8e4377ed53079ee996e1ab0a9c33ec2faf808a4647b7b4c0d46dd239/pyyaml-6.0.3-cp311-cp311-macosx_11_0_arm64.whl", hash = "sha256:652cb6edd41e718550aad172851962662ff2681490a8a711af6a4d288dd96824", size = 175577, upload-time = "2025-09-25T21:32:00.088Z" },
    { url = "https://files.pythonhosted.org/packages/0c/62/d2eb46264d4b157dae1275b573017abec435397aa59cbcdab6fc978a8af4/pyyaml-6.0.3-cp311-cp311-manylinux2014_aarch64.manylinux_2_17_aarch64.manylinux_2_28_aarch64.whl", hash = "sha256:10892704fc220243f5305762e276552a0395f7beb4dbf9b14ec8fd43b57f126c", size = 775556, upload-time = "2025-09-25T21:32:01.31Z" },
    { url = "https://files.pythonhosted.org/packages/10/cb/16c3f2cf3266edd25aaa00d6c4350381c8b012ed6f5276675b9eba8d9ff4/pyyaml-6.0.3-cp311-cp311-manylinux2014_s390x.manylinux_2_17_s390x.manylinux_2_28_s390x.whl", hash = "sha256:850774a7879607d3a6f50d36d04f00ee69e7fc816450e5f7e58d7f17f1ae5c00", size = 882114, upload-time = "2025-09-25T21:32:03.376Z" },
    { url = "https://files.pythonhosted.org/packages/71/60/917329f640924b18ff085ab889a11c763e0b573da888e8404ff486657602/pyyaml-6.0.3-cp311-cp311-manylinux2014_x86_64.manylinux_2_17_x86_64.manylinux_2_28_x86_64.whl", hash = "sha256:b8bb0864c5a28024fac8a632c443c87c5aa6f215c0b126c449ae1a150412f31d", size = 806638, upload-time = "2025-09-25T21:32:04.553Z" },
    { url = "https://files.pythonhosted.org/packages/dd/6f/529b0f316a9fd167281a6c3826b5583e6192dba792dd55e3203d3f8e655a/pyyaml-6.0.3-cp311-cp311-musllinux_1_2_aarch64.whl", hash = "sha256:1d37d57ad971609cf3c53ba6a7e365e40660e3be0e5175fa9f2365a379d6095a", size = 767463, upload-time = "2025-09-25T21:32:06.152Z" },
    { url = "https://files.pythonhosted.org/packages/f2/6a/b627b4e0c1dd03718543519ffb2f1deea4a1e6d42fbab8021936a4d22589/pyyaml-6.0.3-cp311-cp311-musllinux_1_2_x86_64.whl", hash = "sha256:37503bfbfc9d2c40b344d06b2199cf0e96e97957ab1c1b546fd4f87e53e5d3e4", size = 794986, upload-time = "2025-09-25T21:32:07.367Z" },
    { url = "https://files.pythonhosted.org/packages/45/91/47a6e1c42d9ee337c4839208f30d9f09caa9f720ec7582917b264defc875/pyyaml-6.0.3-cp311-cp311-win32.whl", hash = "sha256:8098f252adfa6c80ab48096053f512f2321f0b998f98150cea9bd23d83e1467b", size = 142543, upload-time = "2025-09-25T21:32:08.95Z" },
    { url = "https://files.pythonhosted.org/packages/da/e3/ea007450a105ae919a72393cb06f122f288ef60bba2dc64b26e2646fa315/pyyaml-6.0.3-cp311-cp311-win_amd64.whl", hash = "sha256:9f3bfb4965eb874431221a3ff3fdcddc7e74e3b07799e0e84ca4a0f867d449bf", size = 158763, upload-time = "2025-09-25T21:32:09.96Z" },
]

[[package]]
name = "regex"
version = "2025.11.3"
source = { registry = "https://pypi.org/simple" }
sdist = { url = "https://files.pythonhosted.org/packages/cc/a9/546676f25e573a4cf00fe8e119b78a37b6a8fe2dc95cda877b30889c9c45/regex-2025.11.3.tar.gz", hash = "sha256:1fedc720f9bb2494ce31a58a1631f9c82df6a09b49c19517ea5cc280b4541e01", size = 414669, upload-time = "2025-11-03T21:34:22.089Z" }
wheels = [
    { url = "https://files.pythonhosted.org/packages/f7/90/4fb5056e5f03a7048abd2b11f598d464f0c167de4f2a51aa868c376b8c70/regex-2025.11.3-cp311-cp311-macosx_10_9_universal2.whl", hash = "sha256:eadade04221641516fa25139273505a1c19f9bf97589a05bc4cfcd8b4a618031", size = 488081, upload-time = "2025-11-03T21:31:11.946Z" },
    { url = "https://files.pythonhosted.org/packages/85/23/63e481293fac8b069d84fba0299b6666df720d875110efd0338406b5d360/regex-2025.11.3-cp311-cp311-macosx_10_9_x86_64.whl", hash = "sha256:feff9e54ec0dd3833d659257f5c3f5322a12eee58ffa360984b716f8b92983f4", size = 290554, upload-time = "2025-11-03T21:31:13.387Z" },
    { url = "https://files.pythonhosted.org/packages/2b/9d/b101d0262ea293a0066b4522dfb722eb6a8785a8c3e084396a5f2c431a46/regex-2025.11.3-cp311-cp311-macosx_11_0_arm64.whl", hash = "sha256:3b30bc921d50365775c09a7ed446359e5c0179e9e2512beec4a60cbcef6ddd50", size = 288407, upload-time = "2025-11-03T21:31:14.809Z" },
    { url = "https://files.pythonhosted.org/packages/0c/64/79241c8209d5b7e00577ec9dca35cd493cc6be35b7d147eda367d6179f6d/regex-2025.11.3-cp311-cp311-manylinux2014_aarch64.manylinux_2_17_aarch64.manylinux_2_28_aarch64.whl", hash = "sha256:f99be08cfead2020c7ca6e396c13543baea32343b7a9a5780c462e323bd8872f", size = 793418, upload-time = "2025-11-03T21:31:16.556Z" },
    { url = "https://files.pythonhosted.org/packages/3d/e2/23cd5d3573901ce8f9757c92ca4db4d09600b865919b6d3e7f69f03b1afd/regex-2025.11.3-cp311-cp311-manylinux2014_ppc64le.manylinux_2_17_ppc64le.manylinux_2_28_ppc64le.whl", hash = "sha256:6dd329a1b61c0ee95ba95385fb0c07ea0d3fe1a21e1349fa2bec272636217118", size = 860448, upload-time = "2025-11-03T21:31:18.12Z" },
    { url = "https://files.pythonhosted.org/packages/2a/4c/aecf31beeaa416d0ae4ecb852148d38db35391aac19c687b5d56aedf3a8b/regex-2025.11.3-cp311-cp311-manylinux2014_s390x.manylinux_2_17_s390x.manylinux_2_28_s390x.whl", hash = "sha256:4c5238d32f3c5269d9e87be0cf096437b7622b6920f5eac4fd202468aaeb34d2", size = 907139, upload-time = "2025-11-03T21:31:20.753Z" },
    { url = "https://files.pythonhosted.org/packages/61/22/b8cb00df7d2b5e0875f60628594d44dba283e951b1ae17c12f99e332cc0a/regex-2025.11.3-cp311-cp311-manylinux2014_x86_64.manylinux_2_17_x86_64.manylinux_2_28_x86_64.whl", hash = "sha256:10483eefbfb0adb18ee9474498c9a32fcf4e594fbca0543bb94c48bac6183e2e", size = 800439, upload-time = "2025-11-03T21:31:22.069Z" },
    { url = "https://files.pythonhosted.org/packages/02/a8/c4b20330a5cdc7a8eb265f9ce593f389a6a88a0c5f280cf4d978f33966bc/regex-2025.11.3-cp311-cp311-musllinux_1_2_aarch64.whl", hash = "sha256:78c2d02bb6e1da0720eedc0bad578049cad3f71050ef8cd065ecc87691bed2b0", size = 782965, upload-time = "2025-11-03T21:31:23.598Z" },
    { url = "https://files.pythonhosted.org/packages/b4/4c/ae3e52988ae74af4b04d2af32fee4e8077f26e51b62ec2d12d246876bea2/regex-2025.11.3-cp311-cp311-musllinux_1_2_ppc64le.whl", hash = "sha256:e6b49cd2aad93a1790ce9cffb18964f6d3a4b0b3dbdbd5de094b65296fce6e58", size = 854398, upload-time = "2025-11-03T21:31:25.008Z" },
    { url = "https://files.pythonhosted.org/packages/06/d1/a8b9cf45874eda14b2e275157ce3b304c87e10fb38d9fc26a6e14eb18227/regex-2025.11.3-cp311-cp311-musllinux_1_2_s390x.whl", hash = "sha256:885b26aa3ee56433b630502dc3d36ba78d186a00cc535d3806e6bfd9ed3c70ab", size = 845897, upload-time = "2025-11-03T21:31:26.427Z" },
    { url = "https://files.pythonhosted.org/packages/ea/fe/1830eb0236be93d9b145e0bd8ab499f31602fe0999b1f19e99955aa8fe20/regex-2025.11.3-cp311-cp311-musllinux_1_2_x86_64.whl", hash = "sha256:ddd76a9f58e6a00f8772e72cff8ebcff78e022be95edf018766707c730593e1e", size = 788906, upload-time = "2025-11-03T21:31:28.078Z" },
    { url = "https://files.pythonhosted.org/packages/66/47/dc2577c1f95f188c1e13e2e69d8825a5ac582ac709942f8a03af42ed6e93/regex-2025.11.3-cp311-cp311-win32.whl", hash = "sha256:3e816cc9aac1cd3cc9a4ec4d860f06d40f994b5c7b4d03b93345f44e08cc68bf", size = 265812, upload-time = "2025-11-03T21:31:29.72Z" },
    { url = "https://files.pythonhosted.org/packages/50/1e/15f08b2f82a9bbb510621ec9042547b54d11e83cb620643ebb54e4eb7d71/regex-2025.11.3-cp311-cp311-win_amd64.whl", hash = "sha256:087511f5c8b7dfbe3a03f5d5ad0c2a33861b1fc387f21f6f60825a44865a385a", size = 277737, upload-time = "2025-11-03T21:31:31.422Z" },
    { url = "https://files.pythonhosted.org/packages/f4/fc/6500eb39f5f76c5e47a398df82e6b535a5e345f839581012a418b16f9cc3/regex-2025.11.3-cp311-cp311-win_arm64.whl", hash = "sha256:1ff0d190c7f68ae7769cd0313fe45820ba07ffebfddfaa89cc1eb70827ba0ddc", size = 270290, upload-time = "2025-11-03T21:31:33.041Z" },
]

[[package]]
name = "six"
version = "1.17.0"
source = { registry = "https://pypi.org/simple" }
sdist = { url = "https://files.pythonhosted.org/packages/94/e7/b2c673351809dca68a0e064b6af791aa332cf192da575fd474ed7d6f16a2/six-1.17.0.tar.gz", hash = "sha256:ff70335d468e7eb6ec65b95b99d3a2836546063f63acc5171de367e834932a81", size = 34031, upload-time = "2024-12-04T17:35:28.174Z" }
wheels = [
    { url = "https://files.pythonhosted.org/packages/b7/ce/149a00dd41f10bc29e5921b496af8b574d8413afcd5e30dfa0ed46c2cc5e/six-1.17.0-py2.py3-none-any.whl", hash = "sha256:4721f391ed90541fddacab5acf947aa0d3dc7d27b2e1e8eda2be8970586c3274", size = 11050, upload-time = "2024-12-04T17:35:26.475Z" },
]

[[package]]
name = "sqlparse"
version = "0.5.5"
source = { registry = "https://pypi.org/simple" }
sdist = { url = "https://files.pythonhosted.org/packages/90/76/437d71068094df0726366574cf3432a4ed754217b436eb7429415cf2d480/sqlparse-0.5.5.tar.gz", hash = "sha256:e20d4a9b0b8585fdf63b10d30066c7c94c5d7a7ec47c889a2d83a3caa93ff28e", size = 120815, upload-time = "2025-12-19T07:17:45.073Z" }
wheels = [
    { url = "https://files.pythonhosted.org/packages/49/4b/359f28a903c13438ef59ebeee215fb25da53066db67b305c125f1c6d2a25/sqlparse-0.5.5-py3-none-any.whl", hash = "sha256:12a08b3bf3eec877c519589833aed092e2444e68240a3577e8e26148acc7b1ba", size = 46138, upload-time = "2025-12-19T07:17:46.573Z" },
]

[[package]]
name = "tango-with-django-project"
version = "0.1.0"
source = { virtual = "." }
dependencies = [
    { name = "django" },
    { name = "django-stubs" },
    { name = "djlint" },
    { name = "pillow" },
]

[package.metadata]
requires-dist = [
    { name = "django", specifier = "==2.2.28" },
    { name = "django-stubs", specifier = ">=5.2.8" },
    { name = "djlint", specifier = ">=1.36.4" },
    { name = "pillow", specifier = ">=12.1.0" },
]

[[package]]
name = "tqdm"
version = "4.67.1"
source = { registry = "https://pypi.org/simple" }
dependencies = [
    { name = "colorama", marker = "sys_platform == 'win32'" },
]
sdist = { url = "https://files.pythonhosted.org/packages/a8/4b/29b4ef32e036bb34e4ab51796dd745cdba7ed47ad142a9f4a1eb8e0c744d/tqdm-4.67.1.tar.gz", hash = "sha256:f8aef9c52c08c13a65f30ea34f4e5aac3fd1a34959879d7e59e63027286627f2", size = 169737, upload-time = "2024-11-24T20:12:22.481Z" }
wheels = [
    { url = "https://files.pythonhosted.org/packages/d0/30/dc54f88dd4a2b5dc8a0279bdd7270e735851848b762aeb1c1184ed1f6b14/tqdm-4.67.1-py3-none-any.whl", hash = "sha256:26445eca388f82e72884e0d580d5464cd801a3ea01e63e5601bdff9ba6a48de2", size = 78540, upload-time = "2024-11-24T20:12:19.698Z" },
]

[[package]]
name = "types-pyyaml"
version = "6.0.12.20250915"
source = { registry = "https://pypi.org/simple" }
sdist = { url = "https://files.pythonhosted.org/packages/7e/69/3c51b36d04da19b92f9e815be12753125bd8bc247ba0470a982e6979e71c/types_pyyaml-6.0.12.20250915.tar.gz", hash = "sha256:0f8b54a528c303f0e6f7165687dd33fafa81c807fcac23f632b63aa624ced1d3", size = 17522, upload-time = "2025-09-15T03:01:00.728Z" }
wheels = [
    { url = "https://files.pythonhosted.org/packages/bd/e0/1eed384f02555dde685fff1a1ac805c1c7dcb6dd019c916fe659b1c1f9ec/types_pyyaml-6.0.12.20250915-py3-none-any.whl", hash = "sha256:e7d4d9e064e89a3b3cae120b4990cd370874d2bf12fa5f46c97018dd5d3c9ab6", size = 20338, upload-time = "2025-09-15T03:00:59.218Z" },
]

[[package]]
name = "typing-extensions"
version = "4.15.0"
source = { registry = "https://pypi.org/simple" }
sdist = { url = "https://files.pythonhosted.org/packages/72/94/1a15dd82efb362ac84269196e94cf00f187f7ed21c242792a923cdb1c61f/typing_extensions-4.15.0.tar.gz", hash = "sha256:0cea48d173cc12fa28ecabc3b837ea3cf6f38c6d1136f85cbaaf598984861466", size = 109391, upload-time = "2025-08-25T13:49:26.313Z" }
wheels = [
    { url = "https://files.pythonhosted.org/packages/18/67/36e9267722cc04a6b9f15c7f3441c2363321a3ea07da7ae0c0707beb2a9c/typing_extensions-4.15.0-py3-none-any.whl", hash = "sha256:f0fa19c6845758ab08074a0cfa8b7aecb71c999ca73d62883bc25cc018c4e548", size = 44614, upload-time = "2025-08-25T13:49:24.86Z" },
]
